
Microsoft Visual Studio Solution File, Format Version 12.00
# Visual Studio Version 17
VisualStudioVersion = 17.5.002.0
MinimumVisualStudioVersion = 10.0.40219.1
Project("{9A19103F-16F7-4668-BE54-9A1E7A4F7556}") = "proyectoef", "proyectoef.csproj", "{DDEC83AF-A531-45F0-8355-ABD357332315}"
EndProject
Global
	GlobalSection(SolutionConfigurationPlatforms) = preSolution
		Debug|Any CPU = Debug|Any CPU
		Release|Any CPU = Release|Any CPU
	EndGlobalSection
	GlobalSection(ProjectConfigurationPlatforms) = postSolution
		{DDEC83AF-A531-45F0-8355-ABD357332315}.Debug|Any CPU.ActiveCfg = Debug|Any CPU
		{DDEC83AF-A531-45F0-8355-ABD357332315}.Debug|Any CPU.Build.0 = Debug|Any CPU
		{DDEC83AF-A531-45F0-8355-ABD357332315}.Release|Any CPU.ActiveCfg = Release|Any CPU
		{DDEC83AF-A531-45F0-8355-ABD357332315}.Release|Any CPU.Build.0 = Release|Any CPU
	EndGlobalSection
	GlobalSection(SolutionProperties) = preSolution
		HideSolutionNode = FALSE
	EndGlobalSection
	GlobalSection(ExtensibilityGlobals) = postSolution
		SolutionGuid = {1960452E-50B3-4A3F-ACD4-A102B91B2BDB}
	EndGlobalSection
EndGlobal
